
Microsoft Visual Studio Solution File, Format Version 12.00
# Visual Studio 2013
VisualStudioVersion = 12.0.30501.0
MinimumVisualStudioVersion = 10.0.40219.1
Project("{FAE04EC0-301F-11D3-BF4B-00C04F79EFBC}") = "Client", "Client.csproj", "{B55C8A9B-AF2E-40F1-A9E0-1429150BB900}"
EndProject
Global
	GlobalSection(SolutionConfigurationPlatforms) = preSolution
		Debug|Any CPU = Debug|Any CPU
		Release|Any CPU = Release|Any CPU
	EndGlobalSection
	GlobalSection(ProjectConfigurationPlatforms) = postSolution
		{B55C8A9B-AF2E-40F1-A9E0-1429150BB900}.Debug|Any CPU.ActiveCfg = Debug|Any CPU
		{B55C8A9B-AF2E-40F1-A9E0-1429150BB900}.Debug|Any CPU.Build.0 = Debug|Any CPU
		{B55C8A9B-AF2E-40F1-A9E0-1429150BB900}.Release|Any CPU.ActiveCfg = Release|Any CPU
		{B55C8A9B-AF2E-40F1-A9E0-1429150BB900}.Release|Any CPU.Build.0 = Release|Any CPU
	EndGlobalSection
	GlobalSection(SolutionProperties) = preSolution
		HideSolutionNode = FALSE
	EndGlobalSection
EndGlobal
